
Microsoft Visual Studio Solution File, Format Version 12.00
# Visual Studio 15
VisualStudioVersion = 15.0.28307.329
MinimumVisualStudioVersion = 10.0.40219.1
Project("{FAE04EC0-301F-11D3-BF4B-00C04F79EFBC}") = "MyNewClr", "MyClr\MyNewClr.csproj", "{374297D8-DF62-4152-B1C5-CF2E3DF1680A}"
EndProject
Project("{2150E333-8FDC-42A3-9474-1A3956D46DE8}") = "Solution Items", "Solution Items", "{0ECF2F8C-9ECC-4FB8-868D-0E81041B3408}"
	ProjectSection(SolutionItems) = preProject
		MyNewClr\bin\Debug\MyNewClr.dll = MyNewClr\bin\Debug\MyNewClr.dll
	EndProjectSection
EndProject
Global
	GlobalSection(SolutionConfigurationPlatforms) = preSolution
		Debug|Any CPU = Debug|Any CPU
		Release|Any CPU = Release|Any CPU
	EndGlobalSection
	GlobalSection(ProjectConfigurationPlatforms) = postSolution
		{374297D8-DF62-4152-B1C5-CF2E3DF1680A}.Debug|Any CPU.ActiveCfg = Debug|Any CPU
		{374297D8-DF62-4152-B1C5-CF2E3DF1680A}.Debug|Any CPU.Build.0 = Debug|Any CPU
		{374297D8-DF62-4152-B1C5-CF2E3DF1680A}.Release|Any CPU.ActiveCfg = Release|Any CPU
		{374297D8-DF62-4152-B1C5-CF2E3DF1680A}.Release|Any CPU.Build.0 = Release|Any CPU
	EndGlobalSection
	GlobalSection(SolutionProperties) = preSolution
		HideSolutionNode = FALSE
	EndGlobalSection
	GlobalSection(ExtensibilityGlobals) = postSolution
		SolutionGuid = {24C52B33-8193-4F81-80E6-543B15A4423A}
	EndGlobalSection
EndGlobal
